
Microsoft Visual Studio Solution File, Format Version 12.00
# Visual Studio Version 17
VisualStudioVersion = 17.8.34330.188
MinimumVisualStudioVersion = 10.0.40219.1
Project("{2150E333-8FDC-42A3-9474-1A3956D46DE8}") = "Bootstrapper", "Bootstrapper", "{0CBB40C4-8B00-490C-9CFF-B94A4E76465A}"
EndProject
Project("{2150E333-8FDC-42A3-9474-1A3956D46DE8}") = "Modules", "Modules", "{8963D104-E062-4017-953E-B44E6F6AAABC}"
EndProject
Project("{2150E333-8FDC-42A3-9474-1A3956D46DE8}") = "Shared", "Shared", "{7EDE0AAD-9FCF-4994-B5E7-BB48619AD76F}"
EndProject
Project("{9A19103F-16F7-4668-BE54-9A1E7A4F7556}") = "Api", "Bootstrapper\Api\Api.csproj", "{6F29E044-0BC3-4988-9C94-1978AB0023D2}"
EndProject
Project("{2150E333-8FDC-42A3-9474-1A3956D46DE8}") = "Basket", "Basket", "{46688E6B-6300-4EED-B71B-94B7571F63F5}"
EndProject
Project("{2150E333-8FDC-42A3-9474-1A3956D46DE8}") = "Catalog", "Catalog", "{C177C65C-0511-43D8-BBB1-62229119545B}"
EndProject
Project("{2150E333-8FDC-42A3-9474-1A3956D46DE8}") = "Ordering", "Ordering", "{89CD1BBD-F1FD-4CF0-89A2-27A784A1D349}"
EndProject
Project("{9A19103F-16F7-4668-BE54-9A1E7A4F7556}") = "Catalog", "Modules\Catalog\Catalog\Catalog.csproj", "{E75E82FA-1F26-4DD2-9E0C-F428B59B76D5}"
EndProject
Project("{9A19103F-16F7-4668-BE54-9A1E7A4F7556}") = "Basket", "Modules\Basket\Basket\Basket.csproj", "{9A61F9A8-2874-4890-933A-33B730CF358A}"
EndProject
Project("{9A19103F-16F7-4668-BE54-9A1E7A4F7556}") = "Ordering", "Modules\Ordering\Ordering\Ordering.csproj", "{FA395998-81D3-41CE-A03D-C904F88F5A95}"
EndProject
Project("{9A19103F-16F7-4668-BE54-9A1E7A4F7556}") = "Shared", "Shared\Shared\Shared.csproj", "{45AD19E3-A698-4410-A760-FB0318641126}"
EndProject
Project("{E53339B2-1760-4266-BCC7-CA923CBCF16C}") = "docker-compose", "docker-compose.dcproj", "{D7E943BE-F75F-4446-BAAB-59A7BEF297A2}"
EndProject
Project("{9A19103F-16F7-4668-BE54-9A1E7A4F7556}") = "Catalog.Contracts", "Modules\Catalog\Catalog.Contracts\Catalog.Contracts.csproj", "{85F1602F-56AA-4B5D-8757-753F8595479C}"
EndProject
Project("{9A19103F-16F7-4668-BE54-9A1E7A4F7556}") = "Shared.Contracts", "Shared\Shared.Contracts\Shared.Contracts.csproj", "{1F10CA40-5710-4D3D-B3AD-2A48C0B65271}"
EndProject
Project("{9A19103F-16F7-4668-BE54-9A1E7A4F7556}") = "Shared.Messaging", "Shared\Shared.Messaging\Shared.Messaging.csproj", "{45F091F4-A802-4516-BE36-44645A51D45B}"
EndProject
Project("{9A19103F-16F7-4668-BE54-9A1E7A4F7556}") = "Shopping.Web", "Bootstrapper\Shopping.Web\Shopping.Web.csproj", "{EE29B0E7-9CB3-4EB7-9C84-F7E1D1DFEC93}"
EndProject
Global
	GlobalSection(SolutionConfigurationPlatforms) = preSolution
		Debug|Any CPU = Debug|Any CPU
		Release|Any CPU = Release|Any CPU
	EndGlobalSection
	GlobalSection(ProjectConfigurationPlatforms) = postSolution
		{6F29E044-0BC3-4988-9C94-1978AB0023D2}.Debug|Any CPU.ActiveCfg = Debug|Any CPU
		{6F29E044-0BC3-4988-9C94-1978AB0023D2}.Debug|Any CPU.Build.0 = Debug|Any CPU
		{6F29E044-0BC3-4988-9C94-1978AB0023D2}.Release|Any CPU.ActiveCfg = Release|Any CPU
		{6F29E044-0BC3-4988-9C94-1978AB0023D2}.Release|Any CPU.Build.0 = Release|Any CPU
		{E75E82FA-1F26-4DD2-9E0C-F428B59B76D5}.Debug|Any CPU.ActiveCfg = Debug|Any CPU
		{E75E82FA-1F26-4DD2-9E0C-F428B59B76D5}.Debug|Any CPU.Build.0 = Debug|Any CPU
		{E75E82FA-1F26-4DD2-9E0C-F428B59B76D5}.Release|Any CPU.ActiveCfg = Release|Any CPU
		{E75E82FA-1F26-4DD2-9E0C-F428B59B76D5}.Release|Any CPU.Build.0 = Release|Any CPU
		{9A61F9A8-2874-4890-933A-33B730CF358A}.Debug|Any CPU.ActiveCfg = Debug|Any CPU
		{9A61F9A8-2874-4890-933A-33B730CF358A}.Debug|Any CPU.Build.0 = Debug|Any CPU
		{9A61F9A8-2874-4890-933A-33B730CF358A}.Release|Any CPU.ActiveCfg = Release|Any CPU
		{9A61F9A8-2874-4890-933A-33B730CF358A}.Release|Any CPU.Build.0 = Release|Any CPU
		{FA395998-81D3-41CE-A03D-C904F88F5A95}.Debug|Any CPU.ActiveCfg = Debug|Any CPU
		{FA395998-81D3-41CE-A03D-C904F88F5A95}.Debug|Any CPU.Build.0 = Debug|Any CPU
		{FA395998-81D3-41CE-A03D-C904F88F5A95}.Release|Any CPU.ActiveCfg = Release|Any CPU
		{FA395998-81D3-41CE-A03D-C904F88F5A95}.Release|Any CPU.Build.0 = Release|Any CPU
		{45AD19E3-A698-4410-A760-FB0318641126}.Debug|Any CPU.ActiveCfg = Debug|Any CPU
		{45AD19E3-A698-4410-A760-FB0318641126}.Debug|Any CPU.Build.0 = Debug|Any CPU
		{45AD19E3-A698-4410-A760-FB0318641126}.Release|Any CPU.ActiveCfg = Release|Any CPU
		{45AD19E3-A698-4410-A760-FB0318641126}.Release|Any CPU.Build.0 = Release|Any CPU
		{D7E943BE-F75F-4446-BAAB-59A7BEF297A2}.Debug|Any CPU.ActiveCfg = Debug|Any CPU
		{D7E943BE-F75F-4446-BAAB-59A7BEF297A2}.Debug|Any CPU.Build.0 = Debug|Any CPU
		{D7E943BE-F75F-4446-BAAB-59A7BEF297A2}.Release|Any CPU.ActiveCfg = Release|Any CPU
		{D7E943BE-F75F-4446-BAAB-59A7BEF297A2}.Release|Any CPU.Build.0 = Release|Any CPU
		{85F1602F-56AA-4B5D-8757-753F8595479C}.Debug|Any CPU.ActiveCfg = Debug|Any CPU
		{85F1602F-56AA-4B5D-8757-753F8595479C}.Debug|Any CPU.Build.0 = Debug|Any CPU
		{85F1602F-56AA-4B5D-8757-753F8595479C}.Release|Any CPU.ActiveCfg = Release|Any CPU
		{85F1602F-56AA-4B5D-8757-753F8595479C}.Release|Any CPU.Build.0 = Release|Any CPU
		{1F10CA40-5710-4D3D-B3AD-2A48C0B65271}.Debug|Any CPU.ActiveCfg = Debug|Any CPU
		{1F10CA40-5710-4D3D-B3AD-2A48C0B65271}.Debug|Any CPU.Build.0 = Debug|Any CPU
		{1F10CA40-5710-4D3D-B3AD-2A48C0B65271}.Release|Any CPU.ActiveCfg = Release|Any CPU
		{1F10CA40-5710-4D3D-B3AD-2A48C0B65271}.Release|Any CPU.Build.0 = Release|Any CPU
		{45F091F4-A802-4516-BE36-44645A51D45B}.Debug|Any CPU.ActiveCfg = Debug|Any CPU
		{45F091F4-A802-4516-BE36-44645A51D45B}.Debug|Any CPU.Build.0 = Debug|Any CPU
		{45F091F4-A802-4516-BE36-44645A51D45B}.Release|Any CPU.ActiveCfg = Release|Any CPU
		{45F091F4-A802-4516-BE36-44645A51D45B}.Release|Any CPU.Build.0 = Release|Any CPU
		{EE29B0E7-9CB3-4EB7-9C84-F7E1D1DFEC93}.Debug|Any CPU.ActiveCfg = Debug|Any CPU
		{EE29B0E7-9CB3-4EB7-9C84-F7E1D1DFEC93}.Debug|Any CPU.Build.0 = Debug|Any CPU
		{EE29B0E7-9CB3-4EB7-9C84-F7E1D1DFEC93}.Release|Any CPU.ActiveCfg = Release|Any CPU
		{EE29B0E7-9CB3-4EB7-9C84-F7E1D1DFEC93}.Release|Any CPU.Build.0 = Release|Any CPU
	EndGlobalSection
	GlobalSection(SolutionProperties) = preSolution
		HideSolutionNode = FALSE
	EndGlobalSection
	GlobalSection(NestedProjects) = preSolution
		{6F29E044-0BC3-4988-9C94-1978AB0023D2} = {0CBB40C4-8B00-490C-9CFF-B94A4E76465A}
		{46688E6B-6300-4EED-B71B-94B7571F63F5} = {8963D104-E062-4017-953E-B44E6F6AAABC}
		{C177C65C-0511-43D8-BBB1-62229119545B} = {8963D104-E062-4017-953E-B44E6F6AAABC}
		{89CD1BBD-F1FD-4CF0-89A2-27A784A1D349} = {8963D104-E062-4017-953E-B44E6F6AAABC}
		{E75E82FA-1F26-4DD2-9E0C-F428B59B76D5} = {C177C65C-0511-43D8-BBB1-62229119545B}
		{9A61F9A8-2874-4890-933A-33B730CF358A} = {46688E6B-6300-4EED-B71B-94B7571F63F5}
		{FA395998-81D3-41CE-A03D-C904F88F5A95} = {89CD1BBD-F1FD-4CF0-89A2-27A784A1D349}
		{45AD19E3-A698-4410-A760-FB0318641126} = {7EDE0AAD-9FCF-4994-B5E7-BB48619AD76F}
		{85F1602F-56AA-4B5D-8757-753F8595479C} = {C177C65C-0511-43D8-BBB1-62229119545B}
		{1F10CA40-5710-4D3D-B3AD-2A48C0B65271} = {7EDE0AAD-9FCF-4994-B5E7-BB48619AD76F}
		{45F091F4-A802-4516-BE36-44645A51D45B} = {7EDE0AAD-9FCF-4994-B5E7-BB48619AD76F}
		{EE29B0E7-9CB3-4EB7-9C84-F7E1D1DFEC93} = {0CBB40C4-8B00-490C-9CFF-B94A4E76465A}
	EndGlobalSection
	GlobalSection(ExtensibilityGlobals) = postSolution
		SolutionGuid = {5CE17EE0-CCEA-4236-8B8E-911C7373F5BD}
	EndGlobalSection
EndGlobal
